
Microsoft Visual Studio Solution File, Format Version 12.00
# Visual Studio Version 16
VisualStudioVersion = 16.0.31729.503
MinimumVisualStudioVersion = 10.0.40219.1
Project("{FAE04EC0-301F-11D3-BF4B-00C04F79EFBC}") = "ServiceBusSender", "ServiceBusSender\ServiceBusSender.csproj", "{BB460FA5-4FA5-48B0-AE08-81B730050B86}"
EndProject
Global
	GlobalSection(SolutionConfigurationPlatforms) = preSolution
		Debug|Any CPU = Debug|Any CPU
		Release|Any CPU = Release|Any CPU
	EndGlobalSection
	GlobalSection(ProjectConfigurationPlatforms) = postSolution
		{BB460FA5-4FA5-48B0-AE08-81B730050B86}.Debug|Any CPU.ActiveCfg = Debug|Any CPU
		{BB460FA5-4FA5-48B0-AE08-81B730050B86}.Debug|Any CPU.Build.0 = Debug|Any CPU
		{BB460FA5-4FA5-48B0-AE08-81B730050B86}.Release|Any CPU.ActiveCfg = Release|Any CPU
		{BB460FA5-4FA5-48B0-AE08-81B730050B86}.Release|Any CPU.Build.0 = Release|Any CPU
	EndGlobalSection
	GlobalSection(SolutionProperties) = preSolution
		HideSolutionNode = FALSE
	EndGlobalSection
	GlobalSection(ExtensibilityGlobals) = postSolution
		SolutionGuid = {A497E041-45D2-4211-BD9C-C44E8FCDF4FD}
	EndGlobalSection
EndGlobal
